Microsoft Visual Studio Solution File, Format Version 9.00
# Visual Studio 2005
Project("{e33ea9a2-0ee4-4583-a651-0531a2eb6371}") = "RavlAAM", "RavlAAM.vcproj", "{4626a87c-2b68-49c3-8c41-4acb7e71eb50}"
	ProjectSection(ProjectDependencies) = postProject 
		{acc215fb-d5ce-4527-a4ae-c79ccdefe909} = {acc215fb-d5ce-4527-a4ae-c79ccdefe909}
		{77c6e4ee-f41a-414a-9c88-288763f220f0} = {77c6e4ee-f41a-414a-9c88-288763f220f0}
		{b65e92d9-5b2d-4eaf-b293-c787434b6c72} = {b65e92d9-5b2d-4eaf-b293-c787434b6c72}
		{ec9c079d-9b57-4b80-b83a-f9b7f4684603} = {ec9c079d-9b57-4b80-b83a-f9b7f4684603}
		{44a31567-5f0f-46af-ad2c-75b9cf13de5e} = {44a31567-5f0f-46af-ad2c-75b9cf13de5e}
		{8b2dcf2f-cab6-4b77-a496-ff7e441e0547} = {8b2dcf2f-cab6-4b77-a496-ff7e441e0547}
		{c466fbed-c355-4587-a87d-1acd50fc5ae6} = {c466fbed-c355-4587-a87d-1acd50fc5ae6}
		{bbda5c1b-6fad-47c6-8de2-ce3ca6ddb150} = {bbda5c1b-6fad-47c6-8de2-ce3ca6ddb150}
		{1b0b3ac1-424f-483a-b8e7-eebb465f206e} = {1b0b3ac1-424f-483a-b8e7-eebb465f206e}
	EndProjectSection
EndProject
Project("{e33ea9a2-0ee4-4583-a651-0531a2eb6371}") = "RavlVPlay", "RavlVPlay.vcproj", "{a1c554ea-1980-4a37-be42-829b80b02af9}"
	ProjectSection(ProjectDependencies) = postProject 
		{acc215fb-d5ce-4527-a4ae-c79ccdefe909} = {acc215fb-d5ce-4527-a4ae-c79ccdefe909}
		{44a31567-5f0f-46af-ad2c-75b9cf13de5e} = {44a31567-5f0f-46af-ad2c-75b9cf13de5e}
		{77c6e4ee-f41a-414a-9c88-288763f220f0} = {77c6e4ee-f41a-414a-9c88-288763f220f0}
		{deb1b8a9-7ace-418f-8d50-fbb0f06ff675} = {deb1b8a9-7ace-418f-8d50-fbb0f06ff675}
		{9c2f25f4-9dc2-4b59-a7a8-a19304090785} = {9c2f25f4-9dc2-4b59-a7a8-a19304090785}
		{9959caa1-1e97-4891-9d04-cf405639c086} = {9959caa1-1e97-4891-9d04-cf405639c086}
		{cdc8c845-3f3a-4344-a26d-29d0eea1466f} = {cdc8c845-3f3a-4344-a26d-29d0eea1466f}
		{86c2d9b0-891c-45f4-bf03-e8c339f94371} = {86c2d9b0-891c-45f4-bf03-e8c339f94371}
	EndProjectSection
EndProject
Project("{e33ea9a2-0ee4-4583-a651-0531a2eb6371}") = "RavlImageIO", "RavlImageIO.vcproj", "{325af53c-7e6b-4cb7-9004-cee66db54655}"
	ProjectSection(ProjectDependencies) = postProject 
		{acc215fb-d5ce-4527-a4ae-c79ccdefe909} = {acc215fb-d5ce-4527-a4ae-c79ccdefe909}
		{bbda5c1b-6fad-47c6-8de2-ce3ca6ddb150} = {bbda5c1b-6fad-47c6-8de2-ce3ca6ddb150}
		{77c6e4ee-f41a-414a-9c88-288763f220f0} = {77c6e4ee-f41a-414a-9c88-288763f220f0}
	EndProjectSection
EndProject
Project("{e33ea9a2-0ee4-4583-a651-0531a2eb6371}") = "fann", "fann.vcproj", "{4404e2bd-76e6-4770-a2d8-38b3d42b71ec}"
	ProjectSection(ProjectDependencies) = postProject 
		{acc215fb-d5ce-4527-a4ae-c79ccdefe909} = {acc215fb-d5ce-4527-a4ae-c79ccdefe909}
	EndProjectSection
EndProject
Project("{e33ea9a2-0ee4-4583-a651-0531a2eb6371}") = "ccmath", "ccmath.vcproj", "{a312d5fd-afef-438a-b5c8-a36f5b4d9999}"
	ProjectSection(ProjectDependencies) = postProject 
		{acc215fb-d5ce-4527-a4ae-c79ccdefe909} = {acc215fb-d5ce-4527-a4ae-c79ccdefe909}
	EndProjectSection
EndProject
Project("{e33ea9a2-0ee4-4583-a651-0531a2eb6371}") = "RavlGUIGnome", "RavlGUIGnome.vcproj", "{e5a27e49-f4f5-4d36-b3b1-f7203260ec38}"
	ProjectSection(ProjectDependencies) = postProject 
		{9c2f25f4-9dc2-4b59-a7a8-a19304090785} = {9c2f25f4-9dc2-4b59-a7a8-a19304090785}
	EndProjectSection
EndProject
Project("{e33ea9a2-0ee4-4583-a651-0531a2eb6371}") = "RavlAudioFeatures", "RavlAudioFeatures.vcproj", "{add0af83-2124-4eb7-ad6e-e923648cc402}"
	ProjectSection(ProjectDependencies) = postProject 
		{83c631a6-c5d4-4ffd-98ff-52f2beb6fa15} = {83c631a6-c5d4-4ffd-98ff-52f2beb6fa15}
		{ec9c079d-9b57-4b80-b83a-f9b7f4684603} = {ec9c079d-9b57-4b80-b83a-f9b7f4684603}
		{44a31567-5f0f-46af-ad2c-75b9cf13de5e} = {44a31567-5f0f-46af-ad2c-75b9cf13de5e}
		{35386e62-2e12-4b8a-8245-fc40ab989f38} = {35386e62-2e12-4b8a-8245-fc40ab989f38}
	EndProjectSection
EndProject
Project("{e33ea9a2-0ee4-4583-a651-0531a2eb6371}") = "RavlCore", "RavlCore.vcproj", "{acc215fb-d5ce-4527-a4ae-c79ccdefe909}"
	ProjectSection(ProjectDependencies) = postProject 
	EndProjectSection
EndProject
Project("{e33ea9a2-0ee4-4583-a651-0531a2eb6371}") = "RavlExtImgIO", "RavlExtImgIO.vcproj", "{34ec6926-2afb-499e-b028-bdf9ff316355}"
	ProjectSection(ProjectDependencies) = postProject 
		{77c6e4ee-f41a-414a-9c88-288763f220f0} = {77c6e4ee-f41a-414a-9c88-288763f220f0}
		{bbda5c1b-6fad-47c6-8de2-ce3ca6ddb150} = {bbda5c1b-6fad-47c6-8de2-ce3ca6ddb150}
		{325af53c-7e6b-4cb7-9004-cee66db54655} = {325af53c-7e6b-4cb7-9004-cee66db54655}
	EndProjectSection
EndProject
Project("{e33ea9a2-0ee4-4583-a651-0531a2eb6371}") = "RavlGUI2D", "RavlGUI2D.vcproj", "{cdc8c845-3f3a-4344-a26d-29d0eea1466f}"
	ProjectSection(ProjectDependencies) = postProject 
		{9c2f25f4-9dc2-4b59-a7a8-a19304090785} = {9c2f25f4-9dc2-4b59-a7a8-a19304090785}
		{77c6e4ee-f41a-414a-9c88-288763f220f0} = {77c6e4ee-f41a-414a-9c88-288763f220f0}
		{bbda5c1b-6fad-47c6-8de2-ce3ca6ddb150} = {bbda5c1b-6fad-47c6-8de2-ce3ca6ddb150}
		{ec9c079d-9b57-4b80-b83a-f9b7f4684603} = {ec9c079d-9b57-4b80-b83a-f9b7f4684603}
	EndProjectSection
EndProject
Project("{e33ea9a2-0ee4-4583-a651-0531a2eb6371}") = "Optimisation", "Optimisation.vcproj", "{1b0b3ac1-424f-483a-b8e7-eebb465f206e}"
	ProjectSection(ProjectDependencies) = postProject 
		{acc215fb-d5ce-4527-a4ae-c79ccdefe909} = {acc215fb-d5ce-4527-a4ae-c79ccdefe909}
		{8b2dcf2f-cab6-4b77-a496-ff7e441e0547} = {8b2dcf2f-cab6-4b77-a496-ff7e441e0547}
	EndProjectSection
EndProject
Project("{e33ea9a2-0ee4-4583-a651-0531a2eb6371}") = "RavlAudioIO", "RavlAudioIO.vcproj", "{35386e62-2e12-4b8a-8245-fc40ab989f38}"
	ProjectSection(ProjectDependencies) = postProject 
		{83c631a6-c5d4-4ffd-98ff-52f2beb6fa15} = {83c631a6-c5d4-4ffd-98ff-52f2beb6fa15}
		{44a31567-5f0f-46af-ad2c-75b9cf13de5e} = {44a31567-5f0f-46af-ad2c-75b9cf13de5e}
		{deb1b8a9-7ace-418f-8d50-fbb0f06ff675} = {deb1b8a9-7ace-418f-8d50-fbb0f06ff675}
	EndProjectSection
EndProject
Project("{e33ea9a2-0ee4-4583-a651-0531a2eb6371}") = "RavlKalmanFilter", "RavlKalmanFilter.vcproj", "{98675632-75df-424a-b2f3-cbe714920948}"
	ProjectSection(ProjectDependencies) = postProject 
		{acc215fb-d5ce-4527-a4ae-c79ccdefe909} = {acc215fb-d5ce-4527-a4ae-c79ccdefe909}
		{8b2dcf2f-cab6-4b77-a496-ff7e441e0547} = {8b2dcf2f-cab6-4b77-a496-ff7e441e0547}
	EndProjectSection
EndProject
Project("{e33ea9a2-0ee4-4583-a651-0531a2eb6371}") = "RavlOptimise", "RavlOptimise.vcproj", "{c466fbed-c355-4587-a87d-1acd50fc5ae6}"
	ProjectSection(ProjectDependencies) = postProject 
		{acc215fb-d5ce-4527-a4ae-c79ccdefe909} = {acc215fb-d5ce-4527-a4ae-c79ccdefe909}
		{ec9c079d-9b57-4b80-b83a-f9b7f4684603} = {ec9c079d-9b57-4b80-b83a-f9b7f4684603}
	EndProjectSection
EndProject
Project("{e33ea9a2-0ee4-4583-a651-0531a2eb6371}") = "RavlPythonSwig", "RavlPythonSwig.vcproj", "{7a33072d-bfda-4f30-8f6a-ab14a39e1075}"
	ProjectSection(ProjectDependencies) = postProject 
		{e5703c47-315b-49b9-aec8-dd4d7fc92119} = {e5703c47-315b-49b9-aec8-dd4d7fc92119}
		{acc215fb-d5ce-4527-a4ae-c79ccdefe909} = {acc215fb-d5ce-4527-a4ae-c79ccdefe909}
		{ec9c079d-9b57-4b80-b83a-f9b7f4684603} = {ec9c079d-9b57-4b80-b83a-f9b7f4684603}
		{77c6e4ee-f41a-414a-9c88-288763f220f0} = {77c6e4ee-f41a-414a-9c88-288763f220f0}
		{325af53c-7e6b-4cb7-9004-cee66db54655} = {325af53c-7e6b-4cb7-9004-cee66db54655}
	EndProjectSection
EndProject
Project("{e33ea9a2-0ee4-4583-a651-0531a2eb6371}") = "RavlMath", "RavlMath.vcproj", "{ec9c079d-9b57-4b80-b83a-f9b7f4684603}"
	ProjectSection(ProjectDependencies) = postProject 
		{acc215fb-d5ce-4527-a4ae-c79ccdefe909} = {acc215fb-d5ce-4527-a4ae-c79ccdefe909}
		{a312d5fd-afef-438a-b5c8-a36f5b4d9999} = {a312d5fd-afef-438a-b5c8-a36f5b4d9999}
	EndProjectSection
EndProject
Project("{e33ea9a2-0ee4-4583-a651-0531a2eb6371}") = "RavlOS", "RavlOS.vcproj", "{44a31567-5f0f-46af-ad2c-75b9cf13de5e}"
	ProjectSection(ProjectDependencies) = postProject 
		{acc215fb-d5ce-4527-a4ae-c79ccdefe909} = {acc215fb-d5ce-4527-a4ae-c79ccdefe909}
	EndProjectSection
EndProject
Project("{e33ea9a2-0ee4-4583-a651-0531a2eb6371}") = "RavlImage", "RavlImage.vcproj", "{77c6e4ee-f41a-414a-9c88-288763f220f0}"
	ProjectSection(ProjectDependencies) = postProject 
		{acc215fb-d5ce-4527-a4ae-c79ccdefe909} = {acc215fb-d5ce-4527-a4ae-c79ccdefe909}
		{ec9c079d-9b57-4b80-b83a-f9b7f4684603} = {ec9c079d-9b57-4b80-b83a-f9b7f4684603}
	EndProjectSection
EndProject
Project("{e33ea9a2-0ee4-4583-a651-0531a2eb6371}") = "RavlLogicNLP", "RavlLogicNLP.vcproj", "{48ce6bed-02aa-453c-89ed-32b6af8b2e54}"
	ProjectSection(ProjectDependencies) = postProject 
		{068f6607-1402-47d8-be78-c7eebdff2455} = {068f6607-1402-47d8-be78-c7eebdff2455}
	EndProjectSection
EndProject
Project("{e33ea9a2-0ee4-4583-a651-0531a2eb6371}") = "RavlPatternRecIO", "RavlPatternRecIO.vcproj", "{f2500982-02ee-48ed-a67e-37699be0cdec}"
	ProjectSection(ProjectDependencies) = postProject 
		{acc215fb-d5ce-4527-a4ae-c79ccdefe909} = {acc215fb-d5ce-4527-a4ae-c79ccdefe909}
		{bbda5c1b-6fad-47c6-8de2-ce3ca6ddb150} = {bbda5c1b-6fad-47c6-8de2-ce3ca6ddb150}
		{8b2dcf2f-cab6-4b77-a496-ff7e441e0547} = {8b2dcf2f-cab6-4b77-a496-ff7e441e0547}
	EndProjectSection
EndProject
Project("{e33ea9a2-0ee4-4583-a651-0531a2eb6371}") = "Ravl3D", "Ravl3D.vcproj", "{e2457338-0c47-49b7-8c5a-cc002d93a6c4}"
	ProjectSection(ProjectDependencies) = postProject 
		{ec9c079d-9b57-4b80-b83a-f9b7f4684603} = {ec9c079d-9b57-4b80-b83a-f9b7f4684603}
		{77c6e4ee-f41a-414a-9c88-288763f220f0} = {77c6e4ee-f41a-414a-9c88-288763f220f0}
		{acc215fb-d5ce-4527-a4ae-c79ccdefe909} = {acc215fb-d5ce-4527-a4ae-c79ccdefe909}
	EndProjectSection
EndProject
Project("{e33ea9a2-0ee4-4583-a651-0531a2eb6371}") = "RavlDPDisplay", "RavlDPDisplay.vcproj", "{e5703c47-315b-49b9-aec8-dd4d7fc92119}"
	ProjectSection(ProjectDependencies) = postProject 
		{bbda5c1b-6fad-47c6-8de2-ce3ca6ddb150} = {bbda5c1b-6fad-47c6-8de2-ce3ca6ddb150}
		{9c2f25f4-9dc2-4b59-a7a8-a19304090785} = {9c2f25f4-9dc2-4b59-a7a8-a19304090785}
		{325af53c-7e6b-4cb7-9004-cee66db54655} = {325af53c-7e6b-4cb7-9004-cee66db54655}
		{cdc8c845-3f3a-4344-a26d-29d0eea1466f} = {cdc8c845-3f3a-4344-a26d-29d0eea1466f}
	EndProjectSection
EndProject
Project("{e33ea9a2-0ee4-4583-a651-0531a2eb6371}") = "Ravl3DIO", "Ravl3DIO.vcproj", "{13b44cff-a686-4248-9ab6-cecab7bc7871}"
	ProjectSection(ProjectDependencies) = postProject 
		{e2457338-0c47-49b7-8c5a-cc002d93a6c4} = {e2457338-0c47-49b7-8c5a-cc002d93a6c4}
		{bbda5c1b-6fad-47c6-8de2-ce3ca6ddb150} = {bbda5c1b-6fad-47c6-8de2-ce3ca6ddb150}
		{44a31567-5f0f-46af-ad2c-75b9cf13de5e} = {44a31567-5f0f-46af-ad2c-75b9cf13de5e}
	EndProjectSection
EndProject
Project("{e33ea9a2-0ee4-4583-a651-0531a2eb6371}") = "RavlGUIUtil", "RavlGUIUtil.vcproj", "{86c2d9b0-891c-45f4-bf03-e8c339f94371}"
	ProjectSection(ProjectDependencies) = postProject 
		{9c2f25f4-9dc2-4b59-a7a8-a19304090785} = {9c2f25f4-9dc2-4b59-a7a8-a19304090785}
		{acc215fb-d5ce-4527-a4ae-c79ccdefe909} = {acc215fb-d5ce-4527-a4ae-c79ccdefe909}
		{bbda5c1b-6fad-47c6-8de2-ce3ca6ddb150} = {bbda5c1b-6fad-47c6-8de2-ce3ca6ddb150}
		{cdc8c845-3f3a-4344-a26d-29d0eea1466f} = {cdc8c845-3f3a-4344-a26d-29d0eea1466f}
	EndProjectSection
EndProject
Project("{e33ea9a2-0ee4-4583-a651-0531a2eb6371}") = "RavlGUI", "RavlGUI.vcproj", "{9c2f25f4-9dc2-4b59-a7a8-a19304090785}"
	ProjectSection(ProjectDependencies) = postProject 
		{acc215fb-d5ce-4527-a4ae-c79ccdefe909} = {acc215fb-d5ce-4527-a4ae-c79ccdefe909}
		{44a31567-5f0f-46af-ad2c-75b9cf13de5e} = {44a31567-5f0f-46af-ad2c-75b9cf13de5e}
		{6ab11963-f0e5-4f03-b6a7-b401cd6e884f} = {6ab11963-f0e5-4f03-b6a7-b401cd6e884f}
	EndProjectSection
EndProject
Project("{e33ea9a2-0ee4-4583-a651-0531a2eb6371}") = "RavlChartDetector", "RavlChartDetector.vcproj", "{fe014a57-cae9-44d2-8e4f-3c0b24bac28c}"
	ProjectSection(ProjectDependencies) = postProject 
		{77c6e4ee-f41a-414a-9c88-288763f220f0} = {77c6e4ee-f41a-414a-9c88-288763f220f0}
		{b65e92d9-5b2d-4eaf-b293-c787434b6c72} = {b65e92d9-5b2d-4eaf-b293-c787434b6c72}
		{325af53c-7e6b-4cb7-9004-cee66db54655} = {325af53c-7e6b-4cb7-9004-cee66db54655}
		{1b0b3ac1-424f-483a-b8e7-eebb465f206e} = {1b0b3ac1-424f-483a-b8e7-eebb465f206e}
	EndProjectSection
EndProject
Project("{e33ea9a2-0ee4-4583-a651-0531a2eb6371}") = "RavlIO", "RavlIO.vcproj", "{bbda5c1b-6fad-47c6-8de2-ce3ca6ddb150}"
	ProjectSection(ProjectDependencies) = postProject 
		{acc215fb-d5ce-4527-a4ae-c79ccdefe909} = {acc215fb-d5ce-4527-a4ae-c79ccdefe909}
	EndProjectSection
EndProject
Project("{e33ea9a2-0ee4-4583-a651-0531a2eb6371}") = "RavlImageProc", "RavlImageProc.vcproj", "{b65e92d9-5b2d-4eaf-b293-c787434b6c72}"
	ProjectSection(ProjectDependencies) = postProject 
		{77c6e4ee-f41a-414a-9c88-288763f220f0} = {77c6e4ee-f41a-414a-9c88-288763f220f0}
		{6ab11963-f0e5-4f03-b6a7-b401cd6e884f} = {6ab11963-f0e5-4f03-b6a7-b401cd6e884f}
		{ec9c079d-9b57-4b80-b83a-f9b7f4684603} = {ec9c079d-9b57-4b80-b83a-f9b7f4684603}
		{bbda5c1b-6fad-47c6-8de2-ce3ca6ddb150} = {bbda5c1b-6fad-47c6-8de2-ce3ca6ddb150}
		{44a31567-5f0f-46af-ad2c-75b9cf13de5e} = {44a31567-5f0f-46af-ad2c-75b9cf13de5e}
		{deb1b8a9-7ace-418f-8d50-fbb0f06ff675} = {deb1b8a9-7ace-418f-8d50-fbb0f06ff675}
		{c466fbed-c355-4587-a87d-1acd50fc5ae6} = {c466fbed-c355-4587-a87d-1acd50fc5ae6}
		{acc215fb-d5ce-4527-a4ae-c79ccdefe909} = {acc215fb-d5ce-4527-a4ae-c79ccdefe909}
	EndProjectSection
EndProject
Project("{e33ea9a2-0ee4-4583-a651-0531a2eb6371}") = "RavlMathIO", "RavlMathIO.vcproj", "{ab3a5634-0b3f-4b28-a43a-4eb7e935b53c}"
	ProjectSection(ProjectDependencies) = postProject 
		{ec9c079d-9b57-4b80-b83a-f9b7f4684603} = {ec9c079d-9b57-4b80-b83a-f9b7f4684603}
		{bbda5c1b-6fad-47c6-8de2-ce3ca6ddb150} = {bbda5c1b-6fad-47c6-8de2-ce3ca6ddb150}
	EndProjectSection
EndProject
Project("{e33ea9a2-0ee4-4583-a651-0531a2eb6371}") = "RavlLogicAgent", "RavlLogicAgent.vcproj", "{c8f98bd1-351a-46ad-b93e-7af5a2de9035}"
	ProjectSection(ProjectDependencies) = postProject 
		{068f6607-1402-47d8-be78-c7eebdff2455} = {068f6607-1402-47d8-be78-c7eebdff2455}
		{9959caa1-1e97-4891-9d04-cf405639c086} = {9959caa1-1e97-4891-9d04-cf405639c086}
		{48ce6bed-02aa-453c-89ed-32b6af8b2e54} = {48ce6bed-02aa-453c-89ed-32b6af8b2e54}
	EndProjectSection
EndProject
Project("{e33ea9a2-0ee4-4583-a651-0531a2eb6371}") = "RavlCameraCal", "RavlCameraCal.vcproj", "{23aec6bf-0a90-4924-ad17-e7009cd7892d}"
	ProjectSection(ProjectDependencies) = postProject 
		{acc215fb-d5ce-4527-a4ae-c79ccdefe909} = {acc215fb-d5ce-4527-a4ae-c79ccdefe909}
		{ec9c079d-9b57-4b80-b83a-f9b7f4684603} = {ec9c079d-9b57-4b80-b83a-f9b7f4684603}
	EndProjectSection
EndProject
Project("{e33ea9a2-0ee4-4583-a651-0531a2eb6371}") = "RavlAudioUtil", "RavlAudioUtil.vcproj", "{83c631a6-c5d4-4ffd-98ff-52f2beb6fa15}"
	ProjectSection(ProjectDependencies) = postProject 
		{bbda5c1b-6fad-47c6-8de2-ce3ca6ddb150} = {bbda5c1b-6fad-47c6-8de2-ce3ca6ddb150}
	EndProjectSection
EndProject
Project("{e33ea9a2-0ee4-4583-a651-0531a2eb6371}") = "RavlHMM", "RavlHMM.vcproj", "{479f37ee-4aa0-497d-b59d-8cb51b34d7bc}"
	ProjectSection(ProjectDependencies) = postProject 
		{acc215fb-d5ce-4527-a4ae-c79ccdefe909} = {acc215fb-d5ce-4527-a4ae-c79ccdefe909}
	EndProjectSection
EndProject
Project("{e33ea9a2-0ee4-4583-a651-0531a2eb6371}") = "RavlOSIO", "RavlOSIO.vcproj", "{deb1b8a9-7ace-418f-8d50-fbb0f06ff675}"
	ProjectSection(ProjectDependencies) = postProject 
		{44a31567-5f0f-46af-ad2c-75b9cf13de5e} = {44a31567-5f0f-46af-ad2c-75b9cf13de5e}
		{bbda5c1b-6fad-47c6-8de2-ce3ca6ddb150} = {bbda5c1b-6fad-47c6-8de2-ce3ca6ddb150}
	EndProjectSection
EndProject
Project("{e33ea9a2-0ee4-4583-a651-0531a2eb6371}") = "RavlRawVidIO", "RavlRawVidIO.vcproj", "{cf9db10f-d1e9-4fee-b3ef-3220f415c93d}"
	ProjectSection(ProjectDependencies) = postProject 
		{325af53c-7e6b-4cb7-9004-cee66db54655} = {325af53c-7e6b-4cb7-9004-cee66db54655}
		{deb1b8a9-7ace-418f-8d50-fbb0f06ff675} = {deb1b8a9-7ace-418f-8d50-fbb0f06ff675}
		{77c6e4ee-f41a-414a-9c88-288763f220f0} = {77c6e4ee-f41a-414a-9c88-288763f220f0}
		{34ec6926-2afb-499e-b028-bdf9ff316355} = {34ec6926-2afb-499e-b028-bdf9ff316355}
	EndProjectSection
EndProject
Project("{e33ea9a2-0ee4-4583-a651-0531a2eb6371}") = "RavlMPEG2", "RavlMPEG2.vcproj", "{51c0167e-bfe3-4f23-b3bf-6aebf981f2b7}"
	ProjectSection(ProjectDependencies) = postProject 
		{4bf5f567-a469-4cb2-a093-bf324eaaa175} = {4bf5f567-a469-4cb2-a093-bf324eaaa175}
		{44a31567-5f0f-46af-ad2c-75b9cf13de5e} = {44a31567-5f0f-46af-ad2c-75b9cf13de5e}
	EndProjectSection
EndProject
Project("{e33ea9a2-0ee4-4583-a651-0531a2eb6371}") = "RavlLogic", "RavlLogic.vcproj", "{068f6607-1402-47d8-be78-c7eebdff2455}"
	ProjectSection(ProjectDependencies) = postProject 
		{acc215fb-d5ce-4527-a4ae-c79ccdefe909} = {acc215fb-d5ce-4527-a4ae-c79ccdefe909}
		{8b2dcf2f-cab6-4b77-a496-ff7e441e0547} = {8b2dcf2f-cab6-4b77-a496-ff7e441e0547}
	EndProjectSection
EndProject
Project("{e33ea9a2-0ee4-4583-a651-0531a2eb6371}") = "RavlVideo", "RavlVideo.vcproj", "{942da292-4cca-49bd-91df-d955bf5b4adf}"
	ProjectSection(ProjectDependencies) = postProject 
		{acc215fb-d5ce-4527-a4ae-c79ccdefe909} = {acc215fb-d5ce-4527-a4ae-c79ccdefe909}
		{77c6e4ee-f41a-414a-9c88-288763f220f0} = {77c6e4ee-f41a-414a-9c88-288763f220f0}
	EndProjectSection
EndProject
Project("{e33ea9a2-0ee4-4583-a651-0531a2eb6371}") = "RavlUUId", "RavlUUId.vcproj", "{fc032eb3-67d3-4b6c-87c3-d9f8aa11ebef}"
	ProjectSection(ProjectDependencies) = postProject 
		{6ab11963-f0e5-4f03-b6a7-b401cd6e884f} = {6ab11963-f0e5-4f03-b6a7-b401cd6e884f}
	EndProjectSection
EndProject
Project("{e33ea9a2-0ee4-4583-a651-0531a2eb6371}") = "RavlAV", "RavlAV.vcproj", "{6c35b10f-0c3b-40e4-83d7-0da8e0b65890}"
	ProjectSection(ProjectDependencies) = postProject 
		{83c631a6-c5d4-4ffd-98ff-52f2beb6fa15} = {83c631a6-c5d4-4ffd-98ff-52f2beb6fa15}
		{325af53c-7e6b-4cb7-9004-cee66db54655} = {325af53c-7e6b-4cb7-9004-cee66db54655}
	EndProjectSection
EndProject
Project("{e33ea9a2-0ee4-4583-a651-0531a2eb6371}") = "RavlVideoIO", "RavlVideoIO.vcproj", "{4bf5f567-a469-4cb2-a093-bf324eaaa175}"
	ProjectSection(ProjectDependencies) = postProject 
		{325af53c-7e6b-4cb7-9004-cee66db54655} = {325af53c-7e6b-4cb7-9004-cee66db54655}
		{deb1b8a9-7ace-418f-8d50-fbb0f06ff675} = {deb1b8a9-7ace-418f-8d50-fbb0f06ff675}
	EndProjectSection
EndProject
Project("{e33ea9a2-0ee4-4583-a651-0531a2eb6371}") = "RavlNet", "RavlNet.vcproj", "{d7e51c73-7a7f-4692-bd75-b2b114989e1f}"
	ProjectSection(ProjectDependencies) = postProject 
		{44a31567-5f0f-46af-ad2c-75b9cf13de5e} = {44a31567-5f0f-46af-ad2c-75b9cf13de5e}
		{acc215fb-d5ce-4527-a4ae-c79ccdefe909} = {acc215fb-d5ce-4527-a4ae-c79ccdefe909}
		{6ab11963-f0e5-4f03-b6a7-b401cd6e884f} = {6ab11963-f0e5-4f03-b6a7-b401cd6e884f}
		{bbda5c1b-6fad-47c6-8de2-ce3ca6ddb150} = {bbda5c1b-6fad-47c6-8de2-ce3ca6ddb150}
	EndProjectSection
EndProject
Project("{e33ea9a2-0ee4-4583-a651-0531a2eb6371}") = "RavlZLib", "RavlZLib.vcproj", "{712f0d8c-c75b-4655-91b2-fe36d9082b83}"
	ProjectSection(ProjectDependencies) = postProject 
		{acc215fb-d5ce-4527-a4ae-c79ccdefe909} = {acc215fb-d5ce-4527-a4ae-c79ccdefe909}
	EndProjectSection
EndProject
Project("{e33ea9a2-0ee4-4583-a651-0531a2eb6371}") = "RavlLibGlade", "RavlLibGlade.vcproj", "{96f7e53b-f860-4964-855a-c90d5437606e}"
	ProjectSection(ProjectDependencies) = postProject 
		{9c2f25f4-9dc2-4b59-a7a8-a19304090785} = {9c2f25f4-9dc2-4b59-a7a8-a19304090785}
	EndProjectSection
EndProject
Project("{e33ea9a2-0ee4-4583-a651-0531a2eb6371}") = "RavlThreads", "RavlThreads.vcproj", "{6ab11963-f0e5-4f03-b6a7-b401cd6e884f}"
	ProjectSection(ProjectDependencies) = postProject 
		{acc215fb-d5ce-4527-a4ae-c79ccdefe909} = {acc215fb-d5ce-4527-a4ae-c79ccdefe909}
		{44a31567-5f0f-46af-ad2c-75b9cf13de5e} = {44a31567-5f0f-46af-ad2c-75b9cf13de5e}
	EndProjectSection
EndProject
Project("{e33ea9a2-0ee4-4583-a651-0531a2eb6371}") = "RavlDPMT", "RavlDPMT.vcproj", "{9959caa1-1e97-4891-9d04-cf405639c086}"
	ProjectSection(ProjectDependencies) = postProject 
		{44a31567-5f0f-46af-ad2c-75b9cf13de5e} = {44a31567-5f0f-46af-ad2c-75b9cf13de5e}
		{bbda5c1b-6fad-47c6-8de2-ce3ca6ddb150} = {bbda5c1b-6fad-47c6-8de2-ce3ca6ddb150}
		{6ab11963-f0e5-4f03-b6a7-b401cd6e884f} = {6ab11963-f0e5-4f03-b6a7-b401cd6e884f}
	EndProjectSection
EndProject
Project("{e33ea9a2-0ee4-4583-a651-0531a2eb6371}") = "RavlPatternRec", "RavlPatternRec.vcproj", "{8b2dcf2f-cab6-4b77-a496-ff7e441e0547}"
	ProjectSection(ProjectDependencies) = postProject 
		{acc215fb-d5ce-4527-a4ae-c79ccdefe909} = {acc215fb-d5ce-4527-a4ae-c79ccdefe909}
		{ec9c079d-9b57-4b80-b83a-f9b7f4684603} = {ec9c079d-9b57-4b80-b83a-f9b7f4684603}
		{deb1b8a9-7ace-418f-8d50-fbb0f06ff675} = {deb1b8a9-7ace-418f-8d50-fbb0f06ff675}
		{bbda5c1b-6fad-47c6-8de2-ce3ca6ddb150} = {bbda5c1b-6fad-47c6-8de2-ce3ca6ddb150}
		{4404e2bd-76e6-4770-a2d8-38b3d42b71ec} = {4404e2bd-76e6-4770-a2d8-38b3d42b71ec}
		{44a31567-5f0f-46af-ad2c-75b9cf13de5e} = {44a31567-5f0f-46af-ad2c-75b9cf13de5e}
	EndProjectSection
EndProject
Global
	GlobalSection(SolutionConfigurationPlatforms) = preSolution
		Debug|Win32 = Debug|Win32
		Release|Win32 = Release|Win32
	EndGlobalSection
	GlobalSection(ProjectConfigurationPlatforms) = postSolution
		{4626a87c-2b68-49c3-8c41-4acb7e71eb50}.Debug|Win32.ActiveCfg = Debug|Win32
		{4626a87c-2b68-49c3-8c41-4acb7e71eb50}.Debug|Win32.Build.0 = Debug|Win32
		{4626a87c-2b68-49c3-8c41-4acb7e71eb50}.Release|Win32.ActiveCfg = Release|Win32
		{4626a87c-2b68-49c3-8c41-4acb7e71eb50}.Release|Win32.Build.0 = Release|Win32
		{a1c554ea-1980-4a37-be42-829b80b02af9}.Debug|Win32.ActiveCfg = Debug|Win32
		{a1c554ea-1980-4a37-be42-829b80b02af9}.Debug|Win32.Build.0 = Debug|Win32
		{a1c554ea-1980-4a37-be42-829b80b02af9}.Release|Win32.ActiveCfg = Release|Win32
		{a1c554ea-1980-4a37-be42-829b80b02af9}.Release|Win32.Build.0 = Release|Win32
		{325af53c-7e6b-4cb7-9004-cee66db54655}.Debug|Win32.ActiveCfg = Debug|Win32
		{325af53c-7e6b-4cb7-9004-cee66db54655}.Debug|Win32.Build.0 = Debug|Win32
		{325af53c-7e6b-4cb7-9004-cee66db54655}.Release|Win32.ActiveCfg = Release|Win32
		{325af53c-7e6b-4cb7-9004-cee66db54655}.Release|Win32.Build.0 = Release|Win32
		{4404e2bd-76e6-4770-a2d8-38b3d42b71ec}.Debug|Win32.ActiveCfg = Debug|Win32
		{4404e2bd-76e6-4770-a2d8-38b3d42b71ec}.Debug|Win32.Build.0 = Debug|Win32
		{4404e2bd-76e6-4770-a2d8-38b3d42b71ec}.Release|Win32.ActiveCfg = Release|Win32
		{4404e2bd-76e6-4770-a2d8-38b3d42b71ec}.Release|Win32.Build.0 = Release|Win32
		{a312d5fd-afef-438a-b5c8-a36f5b4d9999}.Debug|Win32.ActiveCfg = Debug|Win32
		{a312d5fd-afef-438a-b5c8-a36f5b4d9999}.Debug|Win32.Build.0 = Debug|Win32
		{a312d5fd-afef-438a-b5c8-a36f5b4d9999}.Release|Win32.ActiveCfg = Release|Win32
		{a312d5fd-afef-438a-b5c8-a36f5b4d9999}.Release|Win32.Build.0 = Release|Win32
		{e5a27e49-f4f5-4d36-b3b1-f7203260ec38}.Debug|Win32.ActiveCfg = Debug|Win32
		{e5a27e49-f4f5-4d36-b3b1-f7203260ec38}.Debug|Win32.Build.0 = Debug|Win32
		{e5a27e49-f4f5-4d36-b3b1-f7203260ec38}.Release|Win32.ActiveCfg = Release|Win32
		{e5a27e49-f4f5-4d36-b3b1-f7203260ec38}.Release|Win32.Build.0 = Release|Win32
		{add0af83-2124-4eb7-ad6e-e923648cc402}.Debug|Win32.ActiveCfg = Debug|Win32
		{add0af83-2124-4eb7-ad6e-e923648cc402}.Debug|Win32.Build.0 = Debug|Win32
		{add0af83-2124-4eb7-ad6e-e923648cc402}.Release|Win32.ActiveCfg = Release|Win32
		{add0af83-2124-4eb7-ad6e-e923648cc402}.Release|Win32.Build.0 = Release|Win32
		{acc215fb-d5ce-4527-a4ae-c79ccdefe909}.Debug|Win32.ActiveCfg = Debug|Win32
		{acc215fb-d5ce-4527-a4ae-c79ccdefe909}.Debug|Win32.Build.0 = Debug|Win32
		{acc215fb-d5ce-4527-a4ae-c79ccdefe909}.Release|Win32.ActiveCfg = Release|Win32
		{acc215fb-d5ce-4527-a4ae-c79ccdefe909}.Release|Win32.Build.0 = Release|Win32
		{34ec6926-2afb-499e-b028-bdf9ff316355}.Debug|Win32.ActiveCfg = Debug|Win32
		{34ec6926-2afb-499e-b028-bdf9ff316355}.Debug|Win32.Build.0 = Debug|Win32
		{34ec6926-2afb-499e-b028-bdf9ff316355}.Release|Win32.ActiveCfg = Release|Win32
		{34ec6926-2afb-499e-b028-bdf9ff316355}.Release|Win32.Build.0 = Release|Win32
		{cdc8c845-3f3a-4344-a26d-29d0eea1466f}.Debug|Win32.ActiveCfg = Debug|Win32
		{cdc8c845-3f3a-4344-a26d-29d0eea1466f}.Debug|Win32.Build.0 = Debug|Win32
		{cdc8c845-3f3a-4344-a26d-29d0eea1466f}.Release|Win32.ActiveCfg = Release|Win32
		{cdc8c845-3f3a-4344-a26d-29d0eea1466f}.Release|Win32.Build.0 = Release|Win32
		{1b0b3ac1-424f-483a-b8e7-eebb465f206e}.Debug|Win32.ActiveCfg = Debug|Win32
		{1b0b3ac1-424f-483a-b8e7-eebb465f206e}.Debug|Win32.Build.0 = Debug|Win32
		{1b0b3ac1-424f-483a-b8e7-eebb465f206e}.Release|Win32.ActiveCfg = Release|Win32
		{1b0b3ac1-424f-483a-b8e7-eebb465f206e}.Release|Win32.Build.0 = Release|Win32
		{35386e62-2e12-4b8a-8245-fc40ab989f38}.Debug|Win32.ActiveCfg = Debug|Win32
		{35386e62-2e12-4b8a-8245-fc40ab989f38}.Debug|Win32.Build.0 = Debug|Win32
		{35386e62-2e12-4b8a-8245-fc40ab989f38}.Release|Win32.ActiveCfg = Release|Win32
		{35386e62-2e12-4b8a-8245-fc40ab989f38}.Release|Win32.Build.0 = Release|Win32
		{98675632-75df-424a-b2f3-cbe714920948}.Debug|Win32.ActiveCfg = Debug|Win32
		{98675632-75df-424a-b2f3-cbe714920948}.Debug|Win32.Build.0 = Debug|Win32
		{98675632-75df-424a-b2f3-cbe714920948}.Release|Win32.ActiveCfg = Release|Win32
		{98675632-75df-424a-b2f3-cbe714920948}.Release|Win32.Build.0 = Release|Win32
		{c466fbed-c355-4587-a87d-1acd50fc5ae6}.Debug|Win32.ActiveCfg = Debug|Win32
		{c466fbed-c355-4587-a87d-1acd50fc5ae6}.Debug|Win32.Build.0 = Debug|Win32
		{c466fbed-c355-4587-a87d-1acd50fc5ae6}.Release|Win32.ActiveCfg = Release|Win32
		{c466fbed-c355-4587-a87d-1acd50fc5ae6}.Release|Win32.Build.0 = Release|Win32
		{7a33072d-bfda-4f30-8f6a-ab14a39e1075}.Debug|Win32.ActiveCfg = Debug|Win32
		{7a33072d-bfda-4f30-8f6a-ab14a39e1075}.Debug|Win32.Build.0 = Debug|Win32
		{7a33072d-bfda-4f30-8f6a-ab14a39e1075}.Release|Win32.ActiveCfg = Release|Win32
		{7a33072d-bfda-4f30-8f6a-ab14a39e1075}.Release|Win32.Build.0 = Release|Win32
		{ec9c079d-9b57-4b80-b83a-f9b7f4684603}.Debug|Win32.ActiveCfg = Debug|Win32
		{ec9c079d-9b57-4b80-b83a-f9b7f4684603}.Debug|Win32.Build.0 = Debug|Win32
		{ec9c079d-9b57-4b80-b83a-f9b7f4684603}.Release|Win32.ActiveCfg = Release|Win32
		{ec9c079d-9b57-4b80-b83a-f9b7f4684603}.Release|Win32.Build.0 = Release|Win32
		{44a31567-5f0f-46af-ad2c-75b9cf13de5e}.Debug|Win32.ActiveCfg = Debug|Win32
		{44a31567-5f0f-46af-ad2c-75b9cf13de5e}.Debug|Win32.Build.0 = Debug|Win32
		{44a31567-5f0f-46af-ad2c-75b9cf13de5e}.Release|Win32.ActiveCfg = Release|Win32
		{44a31567-5f0f-46af-ad2c-75b9cf13de5e}.Release|Win32.Build.0 = Release|Win32
		{77c6e4ee-f41a-414a-9c88-288763f220f0}.Debug|Win32.ActiveCfg = Debug|Win32
		{77c6e4ee-f41a-414a-9c88-288763f220f0}.Debug|Win32.Build.0 = Debug|Win32
		{77c6e4ee-f41a-414a-9c88-288763f220f0}.Release|Win32.ActiveCfg = Release|Win32
		{77c6e4ee-f41a-414a-9c88-288763f220f0}.Release|Win32.Build.0 = Release|Win32
		{48ce6bed-02aa-453c-89ed-32b6af8b2e54}.Debug|Win32.ActiveCfg = Debug|Win32
		{48ce6bed-02aa-453c-89ed-32b6af8b2e54}.Debug|Win32.Build.0 = Debug|Win32
		{48ce6bed-02aa-453c-89ed-32b6af8b2e54}.Release|Win32.ActiveCfg = Release|Win32
		{48ce6bed-02aa-453c-89ed-32b6af8b2e54}.Release|Win32.Build.0 = Release|Win32
		{f2500982-02ee-48ed-a67e-37699be0cdec}.Debug|Win32.ActiveCfg = Debug|Win32
		{f2500982-02ee-48ed-a67e-37699be0cdec}.Debug|Win32.Build.0 = Debug|Win32
		{f2500982-02ee-48ed-a67e-37699be0cdec}.Release|Win32.ActiveCfg = Release|Win32
		{f2500982-02ee-48ed-a67e-37699be0cdec}.Release|Win32.Build.0 = Release|Win32
		{e2457338-0c47-49b7-8c5a-cc002d93a6c4}.Debug|Win32.ActiveCfg = Debug|Win32
		{e2457338-0c47-49b7-8c5a-cc002d93a6c4}.Debug|Win32.Build.0 = Debug|Win32
		{e2457338-0c47-49b7-8c5a-cc002d93a6c4}.Release|Win32.ActiveCfg = Release|Win32
		{e2457338-0c47-49b7-8c5a-cc002d93a6c4}.Release|Win32.Build.0 = Release|Win32
		{e5703c47-315b-49b9-aec8-dd4d7fc92119}.Debug|Win32.ActiveCfg = Debug|Win32
		{e5703c47-315b-49b9-aec8-dd4d7fc92119}.Debug|Win32.Build.0 = Debug|Win32
		{e5703c47-315b-49b9-aec8-dd4d7fc92119}.Release|Win32.ActiveCfg = Release|Win32
		{e5703c47-315b-49b9-aec8-dd4d7fc92119}.Release|Win32.Build.0 = Release|Win32
		{13b44cff-a686-4248-9ab6-cecab7bc7871}.Debug|Win32.ActiveCfg = Debug|Win32
		{13b44cff-a686-4248-9ab6-cecab7bc7871}.Debug|Win32.Build.0 = Debug|Win32
		{13b44cff-a686-4248-9ab6-cecab7bc7871}.Release|Win32.ActiveCfg = Release|Win32
		{13b44cff-a686-4248-9ab6-cecab7bc7871}.Release|Win32.Build.0 = Release|Win32
		{86c2d9b0-891c-45f4-bf03-e8c339f94371}.Debug|Win32.ActiveCfg = Debug|Win32
		{86c2d9b0-891c-45f4-bf03-e8c339f94371}.Debug|Win32.Build.0 = Debug|Win32
		{86c2d9b0-891c-45f4-bf03-e8c339f94371}.Release|Win32.ActiveCfg = Release|Win32
		{86c2d9b0-891c-45f4-bf03-e8c339f94371}.Release|Win32.Build.0 = Release|Win32
		{9c2f25f4-9dc2-4b59-a7a8-a19304090785}.Debug|Win32.ActiveCfg = Debug|Win32
		{9c2f25f4-9dc2-4b59-a7a8-a19304090785}.Debug|Win32.Build.0 = Debug|Win32
		{9c2f25f4-9dc2-4b59-a7a8-a19304090785}.Release|Win32.ActiveCfg = Release|Win32
		{9c2f25f4-9dc2-4b59-a7a8-a19304090785}.Release|Win32.Build.0 = Release|Win32
		{fe014a57-cae9-44d2-8e4f-3c0b24bac28c}.Debug|Win32.ActiveCfg = Debug|Win32
		{fe014a57-cae9-44d2-8e4f-3c0b24bac28c}.Debug|Win32.Build.0 = Debug|Win32
		{fe014a57-cae9-44d2-8e4f-3c0b24bac28c}.Release|Win32.ActiveCfg = Release|Win32
		{fe014a57-cae9-44d2-8e4f-3c0b24bac28c}.Release|Win32.Build.0 = Release|Win32
		{bbda5c1b-6fad-47c6-8de2-ce3ca6ddb150}.Debug|Win32.ActiveCfg = Debug|Win32
		{bbda5c1b-6fad-47c6-8de2-ce3ca6ddb150}.Debug|Win32.Build.0 = Debug|Win32
		{bbda5c1b-6fad-47c6-8de2-ce3ca6ddb150}.Release|Win32.ActiveCfg = Release|Win32
		{bbda5c1b-6fad-47c6-8de2-ce3ca6ddb150}.Release|Win32.Build.0 = Release|Win32
		{b65e92d9-5b2d-4eaf-b293-c787434b6c72}.Debug|Win32.ActiveCfg = Debug|Win32
		{b65e92d9-5b2d-4eaf-b293-c787434b6c72}.Debug|Win32.Build.0 = Debug|Win32
		{b65e92d9-5b2d-4eaf-b293-c787434b6c72}.Release|Win32.ActiveCfg = Release|Win32
		{b65e92d9-5b2d-4eaf-b293-c787434b6c72}.Release|Win32.Build.0 = Release|Win32
		{ab3a5634-0b3f-4b28-a43a-4eb7e935b53c}.Debug|Win32.ActiveCfg = Debug|Win32
		{ab3a5634-0b3f-4b28-a43a-4eb7e935b53c}.Debug|Win32.Build.0 = Debug|Win32
		{ab3a5634-0b3f-4b28-a43a-4eb7e935b53c}.Release|Win32.ActiveCfg = Release|Win32
		{ab3a5634-0b3f-4b28-a43a-4eb7e935b53c}.Release|Win32.Build.0 = Release|Win32
		{c8f98bd1-351a-46ad-b93e-7af5a2de9035}.Debug|Win32.ActiveCfg = Debug|Win32
		{c8f98bd1-351a-46ad-b93e-7af5a2de9035}.Debug|Win32.Build.0 = Debug|Win32
		{c8f98bd1-351a-46ad-b93e-7af5a2de9035}.Release|Win32.ActiveCfg = Release|Win32
		{c8f98bd1-351a-46ad-b93e-7af5a2de9035}.Release|Win32.Build.0 = Release|Win32
		{23aec6bf-0a90-4924-ad17-e7009cd7892d}.Debug|Win32.ActiveCfg = Debug|Win32
		{23aec6bf-0a90-4924-ad17-e7009cd7892d}.Debug|Win32.Build.0 = Debug|Win32
		{23aec6bf-0a90-4924-ad17-e7009cd7892d}.Release|Win32.ActiveCfg = Release|Win32
		{23aec6bf-0a90-4924-ad17-e7009cd7892d}.Release|Win32.Build.0 = Release|Win32
		{83c631a6-c5d4-4ffd-98ff-52f2beb6fa15}.Debug|Win32.ActiveCfg = Debug|Win32
		{83c631a6-c5d4-4ffd-98ff-52f2beb6fa15}.Debug|Win32.Build.0 = Debug|Win32
		{83c631a6-c5d4-4ffd-98ff-52f2beb6fa15}.Release|Win32.ActiveCfg = Release|Win32
		{83c631a6-c5d4-4ffd-98ff-52f2beb6fa15}.Release|Win32.Build.0 = Release|Win32
		{479f37ee-4aa0-497d-b59d-8cb51b34d7bc}.Debug|Win32.ActiveCfg = Debug|Win32
		{479f37ee-4aa0-497d-b59d-8cb51b34d7bc}.Debug|Win32.Build.0 = Debug|Win32
		{479f37ee-4aa0-497d-b59d-8cb51b34d7bc}.Release|Win32.ActiveCfg = Release|Win32
		{479f37ee-4aa0-497d-b59d-8cb51b34d7bc}.Release|Win32.Build.0 = Release|Win32
		{deb1b8a9-7ace-418f-8d50-fbb0f06ff675}.Debug|Win32.ActiveCfg = Debug|Win32
		{deb1b8a9-7ace-418f-8d50-fbb0f06ff675}.Debug|Win32.Build.0 = Debug|Win32
		{deb1b8a9-7ace-418f-8d50-fbb0f06ff675}.Release|Win32.ActiveCfg = Release|Win32
		{deb1b8a9-7ace-418f-8d50-fbb0f06ff675}.Release|Win32.Build.0 = Release|Win32
		{cf9db10f-d1e9-4fee-b3ef-3220f415c93d}.Debug|Win32.ActiveCfg = Debug|Win32
		{cf9db10f-d1e9-4fee-b3ef-3220f415c93d}.Debug|Win32.Build.0 = Debug|Win32
		{cf9db10f-d1e9-4fee-b3ef-3220f415c93d}.Release|Win32.ActiveCfg = Release|Win32
		{cf9db10f-d1e9-4fee-b3ef-3220f415c93d}.Release|Win32.Build.0 = Release|Win32
		{51c0167e-bfe3-4f23-b3bf-6aebf981f2b7}.Debug|Win32.ActiveCfg = Debug|Win32
		{51c0167e-bfe3-4f23-b3bf-6aebf981f2b7}.Debug|Win32.Build.0 = Debug|Win32
		{51c0167e-bfe3-4f23-b3bf-6aebf981f2b7}.Release|Win32.ActiveCfg = Release|Win32
		{51c0167e-bfe3-4f23-b3bf-6aebf981f2b7}.Release|Win32.Build.0 = Release|Win32
		{068f6607-1402-47d8-be78-c7eebdff2455}.Debug|Win32.ActiveCfg = Debug|Win32
		{068f6607-1402-47d8-be78-c7eebdff2455}.Debug|Win32.Build.0 = Debug|Win32
		{068f6607-1402-47d8-be78-c7eebdff2455}.Release|Win32.ActiveCfg = Release|Win32
		{068f6607-1402-47d8-be78-c7eebdff2455}.Release|Win32.Build.0 = Release|Win32
		{942da292-4cca-49bd-91df-d955bf5b4adf}.Debug|Win32.ActiveCfg = Debug|Win32
		{942da292-4cca-49bd-91df-d955bf5b4adf}.Debug|Win32.Build.0 = Debug|Win32
		{942da292-4cca-49bd-91df-d955bf5b4adf}.Release|Win32.ActiveCfg = Release|Win32
		{942da292-4cca-49bd-91df-d955bf5b4adf}.Release|Win32.Build.0 = Release|Win32
		{fc032eb3-67d3-4b6c-87c3-d9f8aa11ebef}.Debug|Win32.ActiveCfg = Debug|Win32
		{fc032eb3-67d3-4b6c-87c3-d9f8aa11ebef}.Debug|Win32.Build.0 = Debug|Win32
		{fc032eb3-67d3-4b6c-87c3-d9f8aa11ebef}.Release|Win32.ActiveCfg = Release|Win32
		{fc032eb3-67d3-4b6c-87c3-d9f8aa11ebef}.Release|Win32.Build.0 = Release|Win32
		{6c35b10f-0c3b-40e4-83d7-0da8e0b65890}.Debug|Win32.ActiveCfg = Debug|Win32
		{6c35b10f-0c3b-40e4-83d7-0da8e0b65890}.Debug|Win32.Build.0 = Debug|Win32
		{6c35b10f-0c3b-40e4-83d7-0da8e0b65890}.Release|Win32.ActiveCfg = Release|Win32
		{6c35b10f-0c3b-40e4-83d7-0da8e0b65890}.Release|Win32.Build.0 = Release|Win32
		{4bf5f567-a469-4cb2-a093-bf324eaaa175}.Debug|Win32.ActiveCfg = Debug|Win32
		{4bf5f567-a469-4cb2-a093-bf324eaaa175}.Debug|Win32.Build.0 = Debug|Win32
		{4bf5f567-a469-4cb2-a093-bf324eaaa175}.Release|Win32.ActiveCfg = Release|Win32
		{4bf5f567-a469-4cb2-a093-bf324eaaa175}.Release|Win32.Build.0 = Release|Win32
		{d7e51c73-7a7f-4692-bd75-b2b114989e1f}.Debug|Win32.ActiveCfg = Debug|Win32
		{d7e51c73-7a7f-4692-bd75-b2b114989e1f}.Debug|Win32.Build.0 = Debug|Win32
		{d7e51c73-7a7f-4692-bd75-b2b114989e1f}.Release|Win32.ActiveCfg = Release|Win32
		{d7e51c73-7a7f-4692-bd75-b2b114989e1f}.Release|Win32.Build.0 = Release|Win32
		{712f0d8c-c75b-4655-91b2-fe36d9082b83}.Debug|Win32.ActiveCfg = Debug|Win32
		{712f0d8c-c75b-4655-91b2-fe36d9082b83}.Debug|Win32.Build.0 = Debug|Win32
		{712f0d8c-c75b-4655-91b2-fe36d9082b83}.Release|Win32.ActiveCfg = Release|Win32
		{712f0d8c-c75b-4655-91b2-fe36d9082b83}.Release|Win32.Build.0 = Release|Win32
		{96f7e53b-f860-4964-855a-c90d5437606e}.Debug|Win32.ActiveCfg = Debug|Win32
		{96f7e53b-f860-4964-855a-c90d5437606e}.Debug|Win32.Build.0 = Debug|Win32
		{96f7e53b-f860-4964-855a-c90d5437606e}.Release|Win32.ActiveCfg = Release|Win32
		{96f7e53b-f860-4964-855a-c90d5437606e}.Release|Win32.Build.0 = Release|Win32
		{6ab11963-f0e5-4f03-b6a7-b401cd6e884f}.Debug|Win32.ActiveCfg = Debug|Win32
		{6ab11963-f0e5-4f03-b6a7-b401cd6e884f}.Debug|Win32.Build.0 = Debug|Win32
		{6ab11963-f0e5-4f03-b6a7-b401cd6e884f}.Release|Win32.ActiveCfg = Release|Win32
		{6ab11963-f0e5-4f03-b6a7-b401cd6e884f}.Release|Win32.Build.0 = Release|Win32
		{9959caa1-1e97-4891-9d04-cf405639c086}.Debug|Win32.ActiveCfg = Debug|Win32
		{9959caa1-1e97-4891-9d04-cf405639c086}.Debug|Win32.Build.0 = Debug|Win32
		{9959caa1-1e97-4891-9d04-cf405639c086}.Release|Win32.ActiveCfg = Release|Win32
		{9959caa1-1e97-4891-9d04-cf405639c086}.Release|Win32.Build.0 = Release|Win32
		{8b2dcf2f-cab6-4b77-a496-ff7e441e0547}.Debug|Win32.ActiveCfg = Debug|Win32
		{8b2dcf2f-cab6-4b77-a496-ff7e441e0547}.Debug|Win32.Build.0 = Debug|Win32
		{8b2dcf2f-cab6-4b77-a496-ff7e441e0547}.Release|Win32.ActiveCfg = Release|Win32
		{8b2dcf2f-cab6-4b77-a496-ff7e441e0547}.Release|Win32.Build.0 = Release|Win32
       EndGlobalSection
	GlobalSection(SolutionProperties) = preSolution
		HideSolutionNode = FALSE
	EndGlobalSection
EndGlobal
